
Microsoft Visual Studio Solution File, Format Version 12.00
# Visual Studio Version 17
VisualStudioVersion = 17.12.35707.178
MinimumVisualStudioVersion = 10.0.40219.1
Project("{FAE04EC0-301F-11D3-BF4B-00C04F79EFBC}") = "PracticumLab1", "PracticumLab1\PracticumLab1.csproj", "{73820FF3-8A8E-453C-8B91-2713A9910F84}"
EndProject
Project("{FAE04EC0-301F-11D3-BF4B-00C04F79EFBC}") = "PracticumLab4", "PracticumLab4\PracticumLab4.csproj", "{C037AD54-49E9-418A-955D-8A3B9567BCB0}"
EndProject
Global
	GlobalSection(SolutionConfigurationPlatforms) = preSolution
		Debug|Any CPU = Debug|Any CPU
		Release|Any CPU = Release|Any CPU
	EndGlobalSection
	GlobalSection(ProjectConfigurationPlatforms) = postSolution
		{73820FF3-8A8E-453C-8B91-2713A9910F84}.Debug|Any CPU.ActiveCfg = Debug|Any CPU
		{73820FF3-8A8E-453C-8B91-2713A9910F84}.Debug|Any CPU.Build.0 = Debug|Any CPU
		{73820FF3-8A8E-453C-8B91-2713A9910F84}.Release|Any CPU.ActiveCfg = Release|Any CPU
		{73820FF3-8A8E-453C-8B91-2713A9910F84}.Release|Any CPU.Build.0 = Release|Any CPU
		{C037AD54-49E9-418A-955D-8A3B9567BCB0}.Debug|Any CPU.ActiveCfg = Debug|Any CPU
		{C037AD54-49E9-418A-955D-8A3B9567BCB0}.Debug|Any CPU.Build.0 = Debug|Any CPU
		{C037AD54-49E9-418A-955D-8A3B9567BCB0}.Release|Any CPU.ActiveCfg = Release|Any CPU
		{C037AD54-49E9-418A-955D-8A3B9567BCB0}.Release|Any CPU.Build.0 = Release|Any CPU
	EndGlobalSection
	GlobalSection(SolutionProperties) = preSolution
		HideSolutionNode = FALSE
	EndGlobalSection
EndGlobal
